
Microsoft Visual Studio Solution File, Format Version 12.00
# Visual Studio 15
VisualStudioVersion = 15.0.27130.2036
MinimumVisualStudioVersion = 10.0.40219.1
Project("{FAE04EC0-301F-11D3-BF4B-00C04F79EFBC}") = "adressbook-web-tests", "adressbook-web-tests\adressbook-web-tests.csproj", "{A97608AE-3F41-463D-B09B-E9722AF18E90}"
EndProject
Project("{FAE04EC0-301F-11D3-BF4B-00C04F79EFBC}") = "addressbook-test-data-generators", "addressbook-test-data-generators\addressbook-test-data-generators.csproj", "{C52A76CB-F932-4F4F-B179-3D0FAA80AB74}"
	ProjectSection(ProjectDependencies) = postProject
		{A97608AE-3F41-463D-B09B-E9722AF18E90} = {A97608AE-3F41-463D-B09B-E9722AF18E90}
	EndProjectSection
EndProject
Global
	GlobalSection(SolutionConfigurationPlatforms) = preSolution
		Debug|Any CPU = Debug|Any CPU
		Release|Any CPU = Release|Any CPU
	EndGlobalSection
	GlobalSection(ProjectConfigurationPlatforms) = postSolution
		{A97608AE-3F41-463D-B09B-E9722AF18E90}.Debug|Any CPU.ActiveCfg = Debug|Any CPU
		{A97608AE-3F41-463D-B09B-E9722AF18E90}.Debug|Any CPU.Build.0 = Debug|Any CPU
		{A97608AE-3F41-463D-B09B-E9722AF18E90}.Release|Any CPU.ActiveCfg = Release|Any CPU
		{A97608AE-3F41-463D-B09B-E9722AF18E90}.Release|Any CPU.Build.0 = Release|Any CPU
		{C52A76CB-F932-4F4F-B179-3D0FAA80AB74}.Debug|Any CPU.ActiveCfg = Debug|Any CPU
		{C52A76CB-F932-4F4F-B179-3D0FAA80AB74}.Debug|Any CPU.Build.0 = Debug|Any CPU
		{C52A76CB-F932-4F4F-B179-3D0FAA80AB74}.Release|Any CPU.ActiveCfg = Release|Any CPU
		{C52A76CB-F932-4F4F-B179-3D0FAA80AB74}.Release|Any CPU.Build.0 = Release|Any CPU
	EndGlobalSection
	GlobalSection(SolutionProperties) = preSolution
		HideSolutionNode = FALSE
	EndGlobalSection
	GlobalSection(ExtensibilityGlobals) = postSolution
		SolutionGuid = {56F81654-957F-42E6-B4FA-8AFE0785DFFB}
	EndGlobalSection
EndGlobal
